// !$*UTF8*$!
{
	archiveVersion = 1;
	classes = {
	};
	objectVersion = 46;
	objects = {

/* Begin PBXBuildFile section */
		59D799E4195D891100B7B771 /* Foundation.framework in Frameworks */ = {isa = PBXBuildFile; fileRef = 59D799E3195D891100B7B771 /* Foundation.framework */; };
		59D799E6195D891100B7B771 /* CoreGraphics.framework in Frameworks */ = {isa = PBXBuildFile; fileRef = 59D799E5195D891100B7B771 /* CoreGraphics.framework */; };
		59D799E8195D891100B7B771 /* UIKit.framework in Frameworks */ = {isa = PBXBuildFile; fileRef = 59D799E7195D891100B7B771 /* UIKit.framework */; };
		59D799EE195D891100B7B771 /* InfoPlist.strings in Resources */ = {isa = PBXBuildFile; fileRef = 59D799EC195D891100B7B771 /* InfoPlist.strings */; };
		59D799F0195D891100B7B771 /* main.m in Sources */ = {isa = PBXBuildFile; fileRef = 59D799EF195D891100B7B771 /* main.m */; };
		59D799F4195D891100B7B771 /* AppDelegate.m in Sources */ = {isa = PBXBuildFile; fileRef = 59D799F3195D891100B7B771 /* AppDelegate.m */; };
		59D799F7195D891100B7B771 /* Main.storyboard in Resources */ = {isa = PBXBuildFile; fileRef = 59D799F5195D891100B7B771 /* Main.storyboard */; };
		59D799FA195D891100B7B771 /* ViewController.m in Sources */ = {isa = PBXBuildFile; fileRef = 59D799F9195D891100B7B771 /* ViewController.m */; };
		59D799FC195D891100B7B771 /* Images.xcassets in Resources */ = {isa = PBXBuildFile; fileRef = 59D799FB195D891100B7B771 /* Images.xcassets */; };
		59D79A03195D891100B7B771 /* XCTest.framework in Frameworks */ = {isa = PBXBuildFile; fileRef = 59D79A02195D891100B7B771 /* XCTest.framework */; };
		59D79A04195D891100B7B771 /* Foundation.framework in Frameworks */ = {isa = PBXBuildFile; fileRef = 59D799E3195D891100B7B771 /* Foundation.framework */; };
		59D79A05195D891100B7B771 /* UIKit.framework in Frameworks */ = {isa = PBXBuildFile; fileRef = 59D799E7195D891100B7B771 /* UIKit.framework */; };
		59D79A0D195D891100B7B771 /* InfoPlist.strings in Resources */ = {isa = PBXBuildFile; fileRef = 59D79A0B195D891100B7B771 /* InfoPlist.strings */; };
		59D79A0F195D891100B7B771 /* Test1Tests.m in Sources */ = {isa = PBXBuildFile; fileRef = 59D79A0E195D891100B7B771 /* Test1Tests.m */; };
/* End PBXBuildFile section */

/* Begin PBXContainerItemProxy section */
		59D79A06195D891100B7B771 /* PBXContainerItemProxy */ = {
			isa = PBXContainerItemProxy;
			containerPortal = 59D799D8195D891100B7B771 /* Project object */;
			proxyType = 1;
			remoteGlobalIDString = 59D799DF195D891100B7B771;
			remoteInfo = Test1;
		};
/* End PBXContainerItemProxy section */

/* Begin PBXFileReference section */
		59D799E0195D891100B7B771 /* Test1.app */ = {isa = PBXFileReference; explicitFileType = wrapper.application; includeInIndex = 0; path = Test1.app; sourceTree = BUILT_PRODUCTS_DIR; };
		59D799E3195D891100B7B771 /* Foundation.framework */ = {isa = PBXFileReference; lastKnownFileType = wrapper.framework; name = Foundation.framework; path = System/Library/Frameworks/Foundation.framework; sourceTree = SDKROOT; };
		59D799E5195D891100B7B771 /* CoreGraphics.framework */ = {isa = PBXFileReference; lastKnownFileType = wrapper.framework; name = CoreGraphics.framework; path = System/Library/Frameworks/CoreGraphics.framework; sourceTree = SDKROOT; };
		59D799E7195D891100B7B771 /* UIKit.framework */ = {isa = PBXFileReference; lastKnownFileType = wrapper.framework; name = UIKit.framework; path = System/Library/Frameworks/UIKit.framework; sourceTree = SDKROOT; };
		59D799EB195D891100B7B771 /* Test1-Info.plist */ = {isa = PBXFileReference; lastKnownFileType = text.plist.xml; path = "Test1-Info.plist"; sourceTree = "<group>"; };
		59D799ED195D891100B7B771 /* en */ = {isa = PBXFileReference; lastKnownFileType = text.plist.strings; name = en; path = en.lproj/InfoPlist.strings; sourceTree = "<group>"; };
		59D799EF195D891100B7B771 /* main.m */ = {isa = PBXFileReference; lastKnownFileType = sourcecode.c.objc; path = main.m; sourceTree = "<group>"; };
		59D799F1195D891100B7B771 /* Test1-Prefix.pch */ = {isa = PBXFileReference; lastKnownFileType = sourcecode.c.h; path = "Test1-Prefix.pch"; sourceTree = "<group>"; };
		59D799F2195D891100B7B771 /* AppDelegate.h */ = {isa = PBXFileReference; lastKnownFileType = sourcecode.c.h; path = AppDelegate.h; sourceTree = "<group>"; };
		59D799F3195D891100B7B771 /* AppDelegate.m */ = {isa = PBXFileReference; lastKnownFileType = sourcecode.c.objc; path = AppDelegate.m; sourceTree = "<group>"; };
		59D799F6195D891100B7B771 /* Base */ = {isa = PBXFileReference; lastKnownFileType = file.storyboard; name = Base; path = Base.lproj/Main.storyboard; sourceTree = "<group>"; };
		59D799F8195D891100B7B771 /* ViewController.h */ = {isa = PBXFileReference; lastKnownFileType = sourcecode.c.h; path = ViewController.h; sourceTree = "<group>"; };
		59D799F9195D891100B7B771 /* ViewController.m */ = {isa = PBXFileReference; lastKnownFileType = sourcecode.c.objc; path = ViewController.m; sourceTree = "<group>"; };
		59D799FB195D891100B7B771 /* Images.xcassets */ = {isa = PBXFileReference; lastKnownFileType = folder.assetcatalog; path = Images.xcassets; sourceTree = "<group>"; };
		59D79A01195D891100B7B771 /* Test1Tests.xctest */ = {isa = PBXFileReference; explicitFileType = wrapper.cfbundle; includeInIndex = 0; path = Test1Tests.xctest; sourceTree = BUILT_PRODUCTS_DIR; };
		59D79A02195D891100B7B771 /* XCTest.framework */ = {isa = PBXFileReference; lastKnownFileType = wrapper.framework; name = XCTest.framework; path = Library/Frameworks/XCTest.framework; sourceTree = DEVELOPER_DIR; };
		59D79A0A195D891100B7B771 /* Test1Tests-Info.plist */ = {isa = PBXFileReference; lastKnownFileType = text.plist.xml; path = "Test1Tests-Info.plist"; sourceTree = "<group>"; };
		59D79A0C195D891100B7B771 /* en */ = {isa = PBXFileReference; lastKnownFileType = text.plist.strings; name = en; path = en.lproj/InfoPlist.strings; sourceTree = "<group>"; };
		59D79A0E195D891100B7B771 /* Test1Tests.m */ = {isa = PBXFileReference; lastKnownFileType = sourcecode.c.objc; path = Test1Tests.m; sourceTree = "<group>"; };
/* End PBXFileReference section */

/* Begin PBXFrameworksBuildPhase section */
		59D799DD195D891100B7B771 /* Frameworks */ = {
			isa = PBXFrameworksBuildPhase;
			buildActionMask = 2147483647;
			files = (
				59D799E6195D891100B7B771 /* CoreGraphics.framework in Frameworks */,
				59D799E8195D891100B7B771 /* UIKit.framework in Frameworks */,
				59D799E4195D891100B7B771 /* Foundation.framework in Frameworks */,
			);
			runOnlyForDeploymentPostprocessing = 0;
		};
		59D799FE195D891100B7B771 /* Frameworks */ = {
			isa = PBXFrameworksBuildPhase;
			buildActionMask = 2147483647;
			files = (
				59D79A03195D891100B7B771 /* XCTest.framework in Frameworks */,
				59D79A05195D891100B7B771 /* UIKit.framework in Frameworks */,
				59D79A04195D891100B7B771 /* Foundation.framework in Frameworks */,
			);
			runOnlyForDeploymentPostprocessing = 0;
		};
/* End PBXFrameworksBuildPhase section */

/* Begin PBXGroup section */
		59D799D7195D891100B7B771 = {
			isa = PBXGroup;
			children = (
				59D799E9195D891100B7B771 /* Test1 */,
				59D79A08195D891100B7B771 /* Test1Tests */,
				59D799E2195D891100B7B771 /* Frameworks */,
				59D799E1195D891100B7B771 /* Products */,
			);
			sourceTree = "<group>";
		};
		59D799E1195D891100B7B771 /* Products */ = {
			isa = PBXGroup;
			children = (
				59D799E0195D891100B7B771 /* Test1.app */,
				59D79A01195D891100B7B771 /* Test1Tests.xctest */,
			);
			name = Products;
			sourceTree = "<group>";
		};
		59D799E2195D891100B7B771 /* Frameworks */ = {
			isa = PBXGroup;
			children = (
				59D799E3195D891100B7B771 /* Foundation.framework */,
				59D799E5195D891100B7B771 /* CoreGraphics.framework */,
				59D799E7195D891100B7B771 /* UIKit.framework */,
				59D79A02195D891100B7B771 /* XCTest.framework */,
			);
			name = Frameworks;
			sourceTree = "<group>";
		};
		59D799E9195D891100B7B771 /* Test1 */ = {
			isa = PBXGroup;
			children = (
				59D799F2195D891100B7B771 /* AppDelegate.h */,
				59D799F3195D891100B7B771 /* AppDelegate.m */,
				59D799F5195D891100B7B771 /* Main.storyboard */,
				59D799F8195D891100B7B771 /* ViewController.h */,
				59D799F9195D891100B7B771 /* ViewController.m */,
				59D799FB195D891100B7B771 /* Images.xcassets */,
				59D799EA195D891100B7B771 /* Supporting Files */,
			);
			path = Test1;
			sourceTree = "<group>";
		};
		59D799EA195D891100B7B771 /* Supporting Files */ = {
			isa = PBXGroup;
			children = (
				59D799EB195D891100B7B771 /* Test1-Info.plist */,
				59D799EC195D891100B7B771 /* InfoPlist.strings */,
				59D799EF195D891100B7B771 /* main.m */,
				59D799F1195D891100B7B771 /* Test1-Prefix.pch */,
			);
			name = "Supporting Files";
			sourceTree = "<group>";
		};
		59D79A08195D891100B7B771 /* Test1Tests */ = {
			isa = PBXGroup;
			children = (
				59D79A0E195D891100B7B771 /* Test1Tests.m */,
				59D79A09195D891100B7B771 /* Supporting Files */,
			);
			path = Test1Tests;
			sourceTree = "<group>";
		};
		59D79A09195D891100B7B771 /* Supporting Files */ = {
			isa = PBXGroup;
			children = (
				59D79A0A195D891100B7B771 /* Test1Tests-Info.plist */,
				59D79A0B195D891100B7B771 /* InfoPlist.strings */,
			);
			name = "Supporting Files";
			sourceTree = "<group>";
		};
/* End PBXGroup section */

/* Begin PBXNativeTarget section */
		59D799DF195D891100B7B771 /* Test1 */ = {
			isa = PBXNativeTarget;
			buildConfigurationList = 59D79A12195D891100B7B771 /* Build configuration list for PBXNativeTarget "Test1" */;
			buildPhases = (
				59D799DC195D891100B7B771 /* Sources */,
				59D799DD195D891100B7B771 /* Frameworks */,
				59D799DE195D891100B7B771 /* Resources */,
			);
			buildRules = (
			);
			dependencies = (
			);
			name = Test1;
			productName = Test1;
			productReference = 59D799E0195D891100B7B771 /* Test1.app */;
			productType = "com.apple.product-type.application";
		};
		59D79A00195D891100B7B771 /* Test1Tests */ = {
			isa = PBXNativeTarget;
			buildConfigurationList = 59D79A15195D891100B7B771 /* Build configuration list for PBXNativeTarget "Test1Tests" */;
			buildPhases = (
				59D799FD195D891100B7B771 /* Sources */,
				59D799FE195D891100B7B771 /* Frameworks */,
				59D799FF195D891100B7B771 /* Resources */,
			);
			buildRules = (
			);
			dependencies = (
				59D79A07195D891100B7B771 /* PBXTargetDependency */,
			);
			name = Test1Tests;
			productName = Test1Tests;
			productReference = 59D79A01195D891100B7B771 /* Test1Tests.xctest */;
			productType = "com.apple.product-type.bundle.unit-test";
		};
/* End PBXNativeTarget section */

/* Begin PBXProject section */
		59D799D8195D891100B7B771 /* Project object */ = {
			isa = PBXProject;
			attributes = {
				LastUpgradeCheck = 0510;
				ORGANIZATIONNAME = user01;
				TargetAttributes = {
					59D79A00195D891100B7B771 = {
						TestTargetID = 59D799DF195D891100B7B771;
					};
				};
			};
			buildConfigurationList = 59D799DB195D891100B7B771 /* Build configuration list for PBXProject "Test1" */;
			compatibilityVersion = "Xcode 3.2";
			developmentRegion = English;
			hasScannedForEncodings = 0;
			knownRegions = (
				en,
				Base,
			);
			mainGroup = 59D799D7195D891100B7B771;
			productRefGroup = 59D799E1195D891100B7B771 /* Products */;
			projectDirPath = "";
			projectRoot = "";
			targets = (
				59D799DF195D891100B7B771 /* Test1 */,
				59D79A00195D891100B7B771 /* Test1Tests */,
			);
		};
/* End PBXProject section */

/* Begin PBXResourcesBuildPhase section */
		59D799DE195D891100B7B771 /* Resources */ = {
			isa = PBXResourcesBuildPhase;
			buildActionMask = 2147483647;
			files = (
				59D799FC195D891100B7B771 /* Images.xcassets in Resources */,
				59D799EE195D891100B7B771 /* InfoPlist.strings in Resources */,
				59D799F7195D891100B7B771 /* Main.storyboard in Resources */,
			);
			runOnlyForDeploymentPostprocessing = 0;
		};
		59D799FF195D891100B7B771 /* Resources */ = {
			isa = PBXResourcesBuildPhase;
			buildActionMask = 2147483647;
			files = (
				59D79A0D195D891100B7B771 /* InfoPlist.strings in Resources */,
			);
			runOnlyForDeploymentPostprocessing = 0;
		};
/* End PBXResourcesBuildPhase section */

/* Begin PBXSourcesBuildPhase section */
		59D799DC195D891100B7B771 /* Sources */ = {
			isa = PBXSourcesBuildPhase;
			buildActionMask = 2147483647;
			files = (
				59D799FA195D891100B7B771 /* ViewController.m in Sources */,
				59D799F4195D891100B7B771 /* AppDelegate.m in Sources */,
				59D799F0195D891100B7B771 /* main.m in Sources */,
			);
			runOnlyForDeploymentPostprocessing = 0;
		};
		59D799FD195D891100B7B771 /* Sources */ = {
			isa = PBXSourcesBuildPhase;
			buildActionMask = 2147483647;
			files = (
				59D79A0F195D891100B7B771 /* Test1Tests.m in Sources */,
			);
			runOnlyForDeploymentPostprocessing = 0;
		};
/* End PBXSourcesBuildPhase section */

/* Begin PBXTargetDependency section */
		59D79A07195D891100B7B771 /* PBXTargetDependency */ = {
			isa = PBXTargetDependency;
			target = 59D799DF195D891100B7B771 /* Test1 */;
			targetProxy = 59D79A06195D891100B7B771 /* PBXContainerItemProxy */;
		};
/* End PBXTargetDependency section */

/* Begin PBXVariantGroup section */
		59D799EC195D891100B7B771 /* InfoPlist.strings */ = {
			isa = PBXVariantGroup;
			children = (
				59D799ED195D891100B7B771 /* en */,
			);
			name = InfoPlist.strings;
			sourceTree = "<group>";
		};
		59D799F5195D891100B7B771 /* Main.storyboard */ = {
			isa = PBXVariantGroup;
			children = (
				59D799F6195D891100B7B771 /* Base */,
			);
			name = Main.storyboard;
			sourceTree = "<group>";
		};
		59D79A0B195D891100B7B771 /* InfoPlist.strings */ = {
			isa = PBXVariantGroup;
			children = (
				59D79A0C195D891100B7B771 /* en */,
			);
			name = InfoPlist.strings;
			sourceTree = "<group>";
		};
/* End PBXVariantGroup section */

/* Begin XCBuildConfiguration section */
		59D79A10195D891100B7B771 /* Debug */ = {
			isa = XCBuildConfiguration;
			buildSettings = {
				ALWAYS_SEARCH_USER_PATHS = NO;
				CLANG_CXX_LANGUAGE_STANDARD = "gnu++0x";
				CLANG_CXX_LIBRARY = "libc++";
				CLANG_ENABLE_MODULES = YES;
				CLANG_ENABLE_OBJC_ARC = YES;
				CLANG_WARN_BOOL_CONVERSION = YES;
				CLANG_WARN_CONSTANT_CONVERSION = YES;
				CLANG_WARN_DIRECT_OBJC_ISA_USAGE = YES_ERROR;
				CLANG_WARN_EMPTY_BODY = YES;
				CLANG_WARN_ENUM_CONVERSION = YES;
				CLANG_WARN_INT_CONVERSION = YES;
				CLANG_WARN_OBJC_ROOT_CLASS = YES_ERROR;
				CLANG_WARN__DUPLICATE_METHOD_MATCH = YES;
				CODE_SIGN_IDENTITY = "iPhone Developer: Rajesh Kumar (2VEW8VQ26K)";
				"CODE_SIGN_IDENTITY[sdk=iphoneos*]" = "iPhone Developer: Rajesh Kumar (2VEW8VQ26K)";
				COPY_PHASE_STRIP = NO;
				GCC_C_LANGUAGE_STANDARD = gnu99;
				GCC_DYNAMIC_NO_PIC = NO;
				GCC_OPTIMIZATION_LEVEL = 0;
				GCC_PREPROCESSOR_DEFINITIONS = (
					"DEBUG=1",
					"$(inherited)",
				);
				GCC_SYMBOLS_PRIVATE_EXTERN = NO;
				GCC_WARN_64_TO_32_BIT_CONVERSION = YES;
				GCC_WARN_ABOUT_RETURN_TYPE = YES_ERROR;
				GCC_WARN_UNDECLARED_SELECTOR = YES;
				GCC_WARN_UNINITIALIZED_AUTOS = YES_AGGRESSIVE;
				GCC_WARN_UNUSED_FUNCTION = YES;
				GCC_WARN_UNUSED_VARIABLE = YES;
				IPHONEOS_DEPLOYMENT_TARGET = 7.1;
				ONLY_ACTIVE_ARCH = YES;
				PROVISIONING_PROFILE = "26B94527-4DE8-45C1-9338-D82E72776F6B";
				SDKROOT = iphoneos;
			};
			name = Debug;
		};
		59D79A11195D891100B7B771 /* Release */ = {
			isa = XCBuildConfiguration;
			buildSettings = {
				ALWAYS_SEARCH_USER_PATHS = NO;
				CLANG_CXX_LANGUAGE_STANDARD = "gnu++0x";
				CLANG_CXX_LIBRARY = "libc++";
				CLANG_ENABLE_MODULES = YES;
				CLANG_ENABLE_OBJC_ARC = YES;
				CLANG_WARN_BOOL_CONVERSION = YES;
				CLANG_WARN_CONSTANT_CONVERSION = YES;
				CLANG_WARN_DIRECT_OBJC_ISA_USAGE = YES_ERROR;
				CLANG_WARN_EMPTY_BODY = YES;
				CLANG_WARN_ENUM_CONVERSION = YES;
				CLANG_WARN_INT_CONVERSION = YES;
				CLANG_WARN_OBJC_ROOT_CLASS = YES_ERROR;
				CLANG_WARN__DUPLICATE_METHOD_MATCH = YES;
				CODE_SIGN_IDENTITY = "iPhone Developer: Rajesh Kumar (2VEW8VQ26K)";
				"CODE_SIGN_IDENTITY[sdk=iphoneos*]" = "iPhone Developer: Rajesh Kumar (2VEW8VQ26K)";
				COPY_PHASE_STRIP = YES;
				ENABLE_NS_ASSERTIONS = NO;
				GCC_C_LANGUAGE_STANDARD = gnu99;
				GCC_WARN_64_TO_32_BIT_CONVERSION = YES;
				GCC_WARN_ABOUT_RETURN_TYPE = YES_ERROR;
				GCC_WARN_UNDECLARED_SELECTOR = YES;
				GCC_WARN_UNINITIALIZED_AUTOS = YES_AGGRESSIVE;
				GCC_WARN_UNUSED_FUNCTION = YES;
				GCC_WARN_UNUSED_VARIABLE = YES;
				IPHONEOS_DEPLOYMENT_TARGET = 7.1;
				PROVISIONING_PROFILE = "26B94527-4DE8-45C1-9338-D82E72776F6B";
				SDKROOT = iphoneos;
				VALIDATE_PRODUCT = YES;
			};
			name = Release;
		};
		59D79A13195D891100B7B771 /* Debug */ = {
			isa = XCBuildConfiguration;
			buildSettings = {
				ASSETCATALOG_COMPILER_APPICON_NAME = AppIcon;
				ASSETCATALOG_COMPILER_LAUNCHIMAGE_NAME = LaunchImage;
				CODE_SIGN_IDENTITY = "iPhone Developer: Rajesh Kumar (2VEW8VQ26K)";
				GCC_PRECOMPILE_PREFIX_HEADER = YES;
				GCC_PREFIX_HEADER = "Test1/Test1-Prefix.pch";
				INFOPLIST_FILE = "Test1/Test1-Info.plist";
				PRODUCT_NAME = "$(TARGET_NAME)";
				PROVISIONING_PROFILE = "26B94527-4DE8-45C1-9338-D82E72776F6B";
				WRAPPER_EXTENSION = app;
			};
			name = Debug;
		};
		59D79A14195D891100B7B771 /* Release */ = {
			isa = XCBuildConfiguration;
			buildSettings = {
				ASSETCATALOG_COMPILER_APPICON_NAME = AppIcon;
				ASSETCATALOG_COMPILER_LAUNCHIMAGE_NAME = LaunchImage;
				CODE_SIGN_IDENTITY = "iPhone Developer: Rajesh Kumar (2VEW8VQ26K)";
				GCC_PRECOMPILE_PREFIX_HEADER = YES;
				GCC_PREFIX_HEADER = "Test1/Test1-Prefix.pch";
				INFOPLIST_FILE = "Test1/Test1-Info.plist";
				PRODUCT_NAME = "$(TARGET_NAME)";
				PROVISIONING_PROFILE = "26B94527-4DE8-45C1-9338-D82E72776F6B";
				WRAPPER_EXTENSION = app;
			};
			name = Release;
		};
		59D79A16195D891100B7B771 /* Debug */ = {
			isa = XCBuildConfiguration;
			buildSettings = {
				BUNDLE_LOADER = "$(BUILT_PRODUCTS_DIR)/Test1.app/Test1";
				FRAMEWORK_SEARCH_PATHS = (
					"$(SDKROOT)/Developer/Library/Frameworks",
					"$(inherited)",
					"$(DEVELOPER_FRAMEWORKS_DIR)",
				);
				GCC_PRECOMPILE_PREFIX_HEADER = YES;
				GCC_PREFIX_HEADER = "Test1/Test1-Prefix.pch";
				GCC_PREPROCESSOR_DEFINITIONS = (
					"DEBUG=1",
					"$(inherited)",
				);
				INFOPLIST_FILE = "Test1Tests/Test1Tests-Info.plist";
				PRODUCT_NAME = "$(TARGET_NAME)";
				TEST_HOST = "$(BUNDLE_LOADER)";
				WRAPPER_EXTENSION = xctest;
			};
			name = Debug;
		};
		59D79A17195D891100B7B771 /* Release */ = {
			isa = XCBuildConfiguration;
			buildSettings = {
				BUNDLE_LOADER = "$(BUILT_PRODUCTS_DIR)/Test1.app/Test1";
				FRAMEWORK_SEARCH_PATHS = (
					"$(SDKROOT)/Developer/Library/Frameworks",
					"$(inherited)",
					"$(DEVELOPER_FRAMEWORKS_DIR)",
				);
				GCC_PRECOMPILE_PREFIX_HEADER = YES;
				GCC_PREFIX_HEADER = "Test1/Test1-Prefix.pch";
				INFOPLIST_FILE = "Test1Tests/Test1Tests-Info.plist";
				PRODUCT_NAME = "$(TARGET_NAME)";
				TEST_HOST = "$(BUNDLE_LOADER)";
				WRAPPER_EXTENSION = xctest;
			};
			name = Release;
		};
/* End XCBuildConfiguration section */

/* Begin XCConfigurationList section */
		59D799DB195D891100B7B771 /* Build configuration list for PBXProject "Test1" */ = {
			isa = XCConfigurationList;
			buildConfigurations = (
				59D79A10195D891100B7B771 /* Debug */,
				59D79A11195D891100B7B771 /* Release */,
			);
			defaultConfigurationIsVisible = 0;
			defaultConfigurationName = Release;
		};
		59D79A12195D891100B7B771 /* Build configuration list for PBXNativeTarget "Test1" */ = {
			isa = XCConfigurationList;
			buildConfigurations = (
				59D79A13195D891100B7B771 /* Debug */,
				59D79A14195D891100B7B771 /* Release */,
			);
			defaultConfigurationIsVisible = 0;
			defaultConfigurationName = Release;
		};
		59D79A15195D891100B7B771 /* Build configuration list for PBXNativeTarget "Test1Tests" */ = {
			isa = XCConfigurationList;
			buildConfigurations = (
				59D79A16195D891100B7B771 /* Debug */,
				59D79A17195D891100B7B771 /* Release */,
			);
			defaultConfigurationIsVisible = 0;
			defaultConfigurationName = Release;
		};
/* End XCConfigurationList section */
	};
	rootObject = 59D799D8195D891100B7B771 /* Project object */;
}
